
Microsoft Visual Studio Solution File, Format Version 12.00
# Visual Studio 15
VisualStudioVersion = 15.0.26730.16
MinimumVisualStudioVersion = 10.0.40219.1
Project("{FAE04EC0-301F-11D3-BF4B-00C04F79EFBC}") = "DroneLander.Android", "DroneLander\DroneLander.Android\DroneLander.Android.csproj", "{46591CEF-45B6-4F2F-9282-FB6F3751F739}"
EndProject
Project("{FAE04EC0-301F-11D3-BF4B-00C04F79EFBC}") = "DroneLander", "DroneLander\DroneLander\DroneLander.csproj", "{3942EA82-1138-4454-950A-8D65C2471887}"
EndProject
Project("{FAE04EC0-301F-11D3-BF4B-00C04F79EFBC}") = "DroneLander.UWP", "DroneLander\DroneLander.UWP\DroneLander.UWP.csproj", "{680F4734-7F88-4B9F-A337-3BFD20C60B7E}"
EndProject
Project("{FAE04EC0-301F-11D3-BF4B-00C04F79EFBC}") = "DroneLander.iOS", "DroneLander\DroneLander.iOS\DroneLander.iOS.csproj", "{FB20F2EE-B8BB-4232-8337-A0B7416A60C6}"
EndProject
Global
	GlobalSection(SolutionConfigurationPlatforms) = preSolution
		Ad-Hoc|Any CPU = Ad-Hoc|Any CPU
		Ad-Hoc|ARM = Ad-Hoc|ARM
		Ad-Hoc|iPhone = Ad-Hoc|iPhone
		Ad-Hoc|iPhoneSimulator = Ad-Hoc|iPhoneSimulator
		Ad-Hoc|x64 = Ad-Hoc|x64
		Ad-Hoc|x86 = Ad-Hoc|x86
		AppStore|Any CPU = AppStore|Any CPU
		AppStore|ARM = AppStore|ARM
		AppStore|iPhone = AppStore|iPhone
		AppStore|iPhoneSimulator = AppStore|iPhoneSimulator
		AppStore|x64 = AppStore|x64
		AppStore|x86 = AppStore|x86
		Debug|Any CPU = Debug|Any CPU
		Debug|ARM = Debug|ARM
		Debug|iPhone = Debug|iPhone
		Debug|iPhoneSimulator = Debug|iPhoneSimulator
		Debug|x64 = Debug|x64
		Debug|x86 = Debug|x86
		Release|Any CPU = Release|Any CPU
		Release|ARM = Release|ARM
		Release|iPhone = Release|iPhone
		Release|iPhoneSimulator = Release|iPhoneSimulator
		Release|x64 = Release|x64
		Release|x86 = Release|x86
	EndGlobalSection
	GlobalSection(ProjectConfigurationPlatforms) = postSolution
		{46591CEF-45B6-4F2F-9282-FB6F3751F739}.Ad-Hoc|Any CPU.ActiveCfg = Release|Any CPU
		{46591CEF-45B6-4F2F-9282-FB6F3751F739}.Ad-Hoc|Any CPU.Build.0 = Release|Any CPU
		{46591CEF-45B6-4F2F-9282-FB6F3751F739}.Ad-Hoc|Any CPU.Deploy.0 = Release|Any CPU
		{46591CEF-45B6-4F2F-9282-FB6F3751F739}.Ad-Hoc|ARM.ActiveCfg = Release|Any CPU
		{46591CEF-45B6-4F2F-9282-FB6F3751F739}.Ad-Hoc|ARM.Build.0 = Release|Any CPU
		{46591CEF-45B6-4F2F-9282-FB6F3751F739}.Ad-Hoc|ARM.Deploy.0 = Release|Any CPU
		{46591CEF-45B6-4F2F-9282-FB6F3751F739}.Ad-Hoc|iPhone.ActiveCfg = Release|Any CPU
		{46591CEF-45B6-4F2F-9282-FB6F3751F739}.Ad-Hoc|iPhone.Build.0 = Release|Any CPU
		{46591CEF-45B6-4F2F-9282-FB6F3751F739}.Ad-Hoc|iPhone.Deploy.0 = Release|Any CPU
		{46591CEF-45B6-4F2F-9282-FB6F3751F739}.Ad-Hoc|iPhoneSimulator.ActiveCfg = Release|Any CPU
		{46591CEF-45B6-4F2F-9282-FB6F3751F739}.Ad-Hoc|iPhoneSimulator.Build.0 = Release|Any CPU
		{46591CEF-45B6-4F2F-9282-FB6F3751F739}.Ad-Hoc|iPhoneSimulator.Deploy.0 = Release|Any CPU
		{46591CEF-45B6-4F2F-9282-FB6F3751F739}.Ad-Hoc|x64.ActiveCfg = Release|Any CPU
		{46591CEF-45B6-4F2F-9282-FB6F3751F739}.Ad-Hoc|x64.Build.0 = Release|Any CPU
		{46591CEF-45B6-4F2F-9282-FB6F3751F739}.Ad-Hoc|x64.Deploy.0 = Release|Any CPU
		{46591CEF-45B6-4F2F-9282-FB6F3751F739}.Ad-Hoc|x86.ActiveCfg = Release|Any CPU
		{46591CEF-45B6-4F2F-9282-FB6F3751F739}.Ad-Hoc|x86.Build.0 = Release|Any CPU
		{46591CEF-45B6-4F2F-9282-FB6F3751F739}.Ad-Hoc|x86.Deploy.0 = Release|Any CPU
		{46591CEF-45B6-4F2F-9282-FB6F3751F739}.AppStore|Any CPU.ActiveCfg = Release|Any CPU
		{46591CEF-45B6-4F2F-9282-FB6F3751F739}.AppStore|Any CPU.Build.0 = Release|Any CPU
		{46591CEF-45B6-4F2F-9282-FB6F3751F739}.AppStore|Any CPU.Deploy.0 = Release|Any CPU
		{46591CEF-45B6-4F2F-9282-FB6F3751F739}.AppStore|ARM.ActiveCfg = Release|Any CPU
		{46591CEF-45B6-4F2F-9282-FB6F3751F739}.AppStore|ARM.Build.0 = Release|Any CPU
		{46591CEF-45B6-4F2F-9282-FB6F3751F739}.AppStore|ARM.Deploy.0 = Release|Any CPU
		{46591CEF-45B6-4F2F-9282-FB6F3751F739}.AppStore|iPhone.ActiveCfg = Release|Any CPU
		{46591CEF-45B6-4F2F-9282-FB6F3751F739}.AppStore|iPhone.Build.0 = Release|Any CPU
		{46591CEF-45B6-4F2F-9282-FB6F3751F739}.AppStore|iPhone.Deploy.0 = Release|Any CPU
		{46591CEF-45B6-4F2F-9282-FB6F3751F739}.AppStore|iPhoneSimulator.ActiveCfg = Release|Any CPU
		{46591CEF-45B6-4F2F-9282-FB6F3751F739}.AppStore|iPhoneSimulator.Build.0 = Release|Any CPU
		{46591CEF-45B6-4F2F-9282-FB6F3751F739}.AppStore|iPhoneSimulator.Deploy.0 = Release|Any CPU
		{46591CEF-45B6-4F2F-9282-FB6F3751F739}.AppStore|x64.ActiveCfg = Release|Any CPU
		{46591CEF-45B6-4F2F-9282-FB6F3751F739}.AppStore|x64.Build.0 = Release|Any CPU
		{46591CEF-45B6-4F2F-9282-FB6F3751F739}.AppStore|x64.Deploy.0 = Release|Any CPU
		{46591CEF-45B6-4F2F-9282-FB6F3751F739}.AppStore|x86.ActiveCfg = Release|Any CPU
		{46591CEF-45B6-4F2F-9282-FB6F3751F739}.AppStore|x86.Build.0 = Release|Any CPU
		{46591CEF-45B6-4F2F-9282-FB6F3751F739}.AppStore|x86.Deploy.0 = Release|Any CPU
		{46591CEF-45B6-4F2F-9282-FB6F3751F739}.Debug|Any CPU.ActiveCfg = Debug|Any CPU
		{46591CEF-45B6-4F2F-9282-FB6F3751F739}.Debug|Any CPU.Build.0 = Debug|Any CPU
		{46591CEF-45B6-4F2F-9282-FB6F3751F739}.Debug|Any CPU.Deploy.0 = Debug|Any CPU
		{46591CEF-45B6-4F2F-9282-FB6F3751F739}.Debug|ARM.ActiveCfg = Debug|Any CPU
		{46591CEF-45B6-4F2F-9282-FB6F3751F739}.Debug|ARM.Build.0 = Debug|Any CPU
		{46591CEF-45B6-4F2F-9282-FB6F3751F739}.Debug|ARM.Deploy.0 = Debug|Any CPU
		{46591CEF-45B6-4F2F-9282-FB6F3751F739}.Debug|iPhone.ActiveCfg = Debug|Any CPU
		{46591CEF-45B6-4F2F-9282-FB6F3751F739}.Debug|iPhone.Build.0 = Debug|Any CPU
		{46591CEF-45B6-4F2F-9282-FB6F3751F739}.Debug|iPhone.Deploy.0 = Debug|Any CPU
		{46591CEF-45B6-4F2F-9282-FB6F3751F739}.Debug|iPhoneSimulator.ActiveCfg = Debug|Any CPU
		{46591CEF-45B6-4F2F-9282-FB6F3751F739}.Debug|iPhoneSimulator.Build.0 = Debug|Any CPU
		{46591CEF-45B6-4F2F-9282-FB6F3751F739}.Debug|iPhoneSimulator.Deploy.0 = Debug|Any CPU
		{46591CEF-45B6-4F2F-9282-FB6F3751F739}.Debug|x64.ActiveCfg = Debug|Any CPU
		{46591CEF-45B6-4F2F-9282-FB6F3751F739}.Debug|x64.Build.0 = Debug|Any CPU
		{46591CEF-45B6-4F2F-9282-FB6F3751F739}.Debug|x64.Deploy.0 = Debug|Any CPU
		{46591CEF-45B6-4F2F-9282-FB6F3751F739}.Debug|x86.ActiveCfg = Debug|Any CPU
		{46591CEF-45B6-4F2F-9282-FB6F3751F739}.Debug|x86.Build.0 = Debug|Any CPU
		{46591CEF-45B6-4F2F-9282-FB6F3751F739}.Debug|x86.Deploy.0 = Debug|Any CPU
		{46591CEF-45B6-4F2F-9282-FB6F3751F739}.Release|Any CPU.ActiveCfg = Release|Any CPU
		{46591CEF-45B6-4F2F-9282-FB6F3751F739}.Release|Any CPU.Build.0 = Release|Any CPU
		{46591CEF-45B6-4F2F-9282-FB6F3751F739}.Release|Any CPU.Deploy.0 = Release|Any CPU
		{46591CEF-45B6-4F2F-9282-FB6F3751F739}.Release|ARM.ActiveCfg = Release|Any CPU
		{46591CEF-45B6-4F2F-9282-FB6F3751F739}.Release|ARM.Build.0 = Release|Any CPU
		{46591CEF-45B6-4F2F-9282-FB6F3751F739}.Release|ARM.Deploy.0 = Release|Any CPU
		{46591CEF-45B6-4F2F-9282-FB6F3751F739}.Release|iPhone.ActiveCfg = Release|Any CPU
		{46591CEF-45B6-4F2F-9282-FB6F3751F739}.Release|iPhone.Build.0 = Release|Any CPU
		{46591CEF-45B6-4F2F-9282-FB6F3751F739}.Release|iPhone.Deploy.0 = Release|Any CPU
		{46591CEF-45B6-4F2F-9282-FB6F3751F739}.Release|iPhoneSimulator.ActiveCfg = Release|Any CPU
		{46591CEF-45B6-4F2F-9282-FB6F3751F739}.Release|iPhoneSimulator.Build.0 = Release|Any CPU
		{46591CEF-45B6-4F2F-9282-FB6F3751F739}.Release|iPhoneSimulator.Deploy.0 = Release|Any CPU
		{46591CEF-45B6-4F2F-9282-FB6F3751F739}.Release|x64.ActiveCfg = Release|Any CPU
		{46591CEF-45B6-4F2F-9282-FB6F3751F739}.Release|x64.Build.0 = Release|Any CPU
		{46591CEF-45B6-4F2F-9282-FB6F3751F739}.Release|x64.Deploy.0 = Release|Any CPU
		{46591CEF-45B6-4F2F-9282-FB6F3751F739}.Release|x86.ActiveCfg = Release|Any CPU
		{46591CEF-45B6-4F2F-9282-FB6F3751F739}.Release|x86.Build.0 = Release|Any CPU
		{46591CEF-45B6-4F2F-9282-FB6F3751F739}.Release|x86.Deploy.0 = Release|Any CPU
		{3942EA82-1138-4454-950A-8D65C2471887}.Ad-Hoc|Any CPU.ActiveCfg = Release|Any CPU
		{3942EA82-1138-4454-950A-8D65C2471887}.Ad-Hoc|Any CPU.Build.0 = Release|Any CPU
		{3942EA82-1138-4454-950A-8D65C2471887}.Ad-Hoc|ARM.ActiveCfg = Release|Any CPU
		{3942EA82-1138-4454-950A-8D65C2471887}.Ad-Hoc|ARM.Build.0 = Release|Any CPU
		{3942EA82-1138-4454-950A-8D65C2471887}.Ad-Hoc|iPhone.ActiveCfg = Release|Any CPU
		{3942EA82-1138-4454-950A-8D65C2471887}.Ad-Hoc|iPhone.Build.0 = Release|Any CPU
		{3942EA82-1138-4454-950A-8D65C2471887}.Ad-Hoc|iPhoneSimulator.ActiveCfg = Release|Any CPU
		{3942EA82-1138-4454-950A-8D65C2471887}.Ad-Hoc|iPhoneSimulator.Build.0 = Release|Any CPU
		{3942EA82-1138-4454-950A-8D65C2471887}.Ad-Hoc|x64.ActiveCfg = Release|Any CPU
		{3942EA82-1138-4454-950A-8D65C2471887}.Ad-Hoc|x64.Build.0 = Release|Any CPU
		{3942EA82-1138-4454-950A-8D65C2471887}.Ad-Hoc|x86.ActiveCfg = Release|Any CPU
		{3942EA82-1138-4454-950A-8D65C2471887}.Ad-Hoc|x86.Build.0 = Release|Any CPU
		{3942EA82-1138-4454-950A-8D65C2471887}.AppStore|Any CPU.ActiveCfg = Release|Any CPU
		{3942EA82-1138-4454-950A-8D65C2471887}.AppStore|Any CPU.Build.0 = Release|Any CPU
		{3942EA82-1138-4454-950A-8D65C2471887}.AppStore|ARM.ActiveCfg = Release|Any CPU
		{3942EA82-1138-4454-950A-8D65C2471887}.AppStore|ARM.Build.0 = Release|Any CPU
		{3942EA82-1138-4454-950A-8D65C2471887}.AppStore|iPhone.ActiveCfg = Release|Any CPU
		{3942EA82-1138-4454-950A-8D65C2471887}.AppStore|iPhone.Build.0 = Release|Any CPU
		{3942EA82-1138-4454-950A-8D65C2471887}.AppStore|iPhoneSimulator.ActiveCfg = Release|Any CPU
		{3942EA82-1138-4454-950A-8D65C2471887}.AppStore|iPhoneSimulator.Build.0 = Release|Any CPU
		{3942EA82-1138-4454-950A-8D65C2471887}.AppStore|x64.ActiveCfg = Release|Any CPU
		{3942EA82-1138-4454-950A-8D65C2471887}.AppStore|x64.Build.0 = Release|Any CPU
		{3942EA82-1138-4454-950A-8D65C2471887}.AppStore|x86.ActiveCfg = Release|Any CPU
		{3942EA82-1138-4454-950A-8D65C2471887}.AppStore|x86.Build.0 = Release|Any CPU
		{3942EA82-1138-4454-950A-8D65C2471887}.Debug|Any CPU.ActiveCfg = Debug|Any CPU
		{3942EA82-1138-4454-950A-8D65C2471887}.Debug|Any CPU.Build.0 = Debug|Any CPU
		{3942EA82-1138-4454-950A-8D65C2471887}.Debug|ARM.ActiveCfg = Debug|Any CPU
		{3942EA82-1138-4454-950A-8D65C2471887}.Debug|ARM.Build.0 = Debug|Any CPU
		{3942EA82-1138-4454-950A-8D65C2471887}.Debug|iPhone.ActiveCfg = Debug|Any CPU
		{3942EA82-1138-4454-950A-8D65C2471887}.Debug|iPhone.Build.0 = Debug|Any CPU
		{3942EA82-1138-4454-950A-8D65C2471887}.Debug|iPhoneSimulator.ActiveCfg = Debug|Any CPU
		{3942EA82-1138-4454-950A-8D65C2471887}.Debug|iPhoneSimulator.Build.0 = Debug|Any CPU
		{3942EA82-1138-4454-950A-8D65C2471887}.Debug|x64.ActiveCfg = Debug|Any CPU
		{3942EA82-1138-4454-950A-8D65C2471887}.Debug|x64.Build.0 = Debug|Any CPU
		{3942EA82-1138-4454-950A-8D65C2471887}.Debug|x86.ActiveCfg = Debug|Any CPU
		{3942EA82-1138-4454-950A-8D65C2471887}.Debug|x86.Build.0 = Debug|Any CPU
		{3942EA82-1138-4454-950A-8D65C2471887}.Release|Any CPU.ActiveCfg = Release|Any CPU
		{3942EA82-1138-4454-950A-8D65C2471887}.Release|Any CPU.Build.0 = Release|Any CPU
		{3942EA82-1138-4454-950A-8D65C2471887}.Release|ARM.ActiveCfg = Release|Any CPU
		{3942EA82-1138-4454-950A-8D65C2471887}.Release|ARM.Build.0 = Release|Any CPU
		{3942EA82-1138-4454-950A-8D65C2471887}.Release|iPhone.ActiveCfg = Release|Any CPU
		{3942EA82-1138-4454-950A-8D65C2471887}.Release|iPhone.Build.0 = Release|Any CPU
		{3942EA82-1138-4454-950A-8D65C2471887}.Release|iPhoneSimulator.ActiveCfg = Release|Any CPU
		{3942EA82-1138-4454-950A-8D65C2471887}.Release|iPhoneSimulator.Build.0 = Release|Any CPU
		{3942EA82-1138-4454-950A-8D65C2471887}.Release|x64.ActiveCfg = Release|Any CPU
		{3942EA82-1138-4454-950A-8D65C2471887}.Release|x64.Build.0 = Release|Any CPU
		{3942EA82-1138-4454-950A-8D65C2471887}.Release|x86.ActiveCfg = Release|Any CPU
		{3942EA82-1138-4454-950A-8D65C2471887}.Release|x86.Build.0 = Release|Any CPU
		{680F4734-7F88-4B9F-A337-3BFD20C60B7E}.Ad-Hoc|Any CPU.ActiveCfg = Release|x86
		{680F4734-7F88-4B9F-A337-3BFD20C60B7E}.Ad-Hoc|Any CPU.Build.0 = Release|x86
		{680F4734-7F88-4B9F-A337-3BFD20C60B7E}.Ad-Hoc|Any CPU.Deploy.0 = Release|x86
		{680F4734-7F88-4B9F-A337-3BFD20C60B7E}.Ad-Hoc|ARM.ActiveCfg = Release|ARM
		{680F4734-7F88-4B9F-A337-3BFD20C60B7E}.Ad-Hoc|ARM.Build.0 = Release|ARM
		{680F4734-7F88-4B9F-A337-3BFD20C60B7E}.Ad-Hoc|ARM.Deploy.0 = Release|ARM
		{680F4734-7F88-4B9F-A337-3BFD20C60B7E}.Ad-Hoc|iPhone.ActiveCfg = Release|x86
		{680F4734-7F88-4B9F-A337-3BFD20C60B7E}.Ad-Hoc|iPhone.Build.0 = Release|x86
		{680F4734-7F88-4B9F-A337-3BFD20C60B7E}.Ad-Hoc|iPhone.Deploy.0 = Release|x86
		{680F4734-7F88-4B9F-A337-3BFD20C60B7E}.Ad-Hoc|iPhoneSimulator.ActiveCfg = Release|x86
		{680F4734-7F88-4B9F-A337-3BFD20C60B7E}.Ad-Hoc|iPhoneSimulator.Build.0 = Release|x86
		{680F4734-7F88-4B9F-A337-3BFD20C60B7E}.Ad-Hoc|iPhoneSimulator.Deploy.0 = Release|x86
		{680F4734-7F88-4B9F-A337-3BFD20C60B7E}.Ad-Hoc|x64.ActiveCfg = Release|x64
		{680F4734-7F88-4B9F-A337-3BFD20C60B7E}.Ad-Hoc|x64.Build.0 = Release|x64
		{680F4734-7F88-4B9F-A337-3BFD20C60B7E}.Ad-Hoc|x64.Deploy.0 = Release|x64
		{680F4734-7F88-4B9F-A337-3BFD20C60B7E}.Ad-Hoc|x86.ActiveCfg = Release|x86
		{680F4734-7F88-4B9F-A337-3BFD20C60B7E}.Ad-Hoc|x86.Build.0 = Release|x86
		{680F4734-7F88-4B9F-A337-3BFD20C60B7E}.Ad-Hoc|x86.Deploy.0 = Release|x86
		{680F4734-7F88-4B9F-A337-3BFD20C60B7E}.AppStore|Any CPU.ActiveCfg = Release|x86
		{680F4734-7F88-4B9F-A337-3BFD20C60B7E}.AppStore|Any CPU.Build.0 = Release|x86
		{680F4734-7F88-4B9F-A337-3BFD20C60B7E}.AppStore|Any CPU.Deploy.0 = Release|x86
		{680F4734-7F88-4B9F-A337-3BFD20C60B7E}.AppStore|ARM.ActiveCfg = Release|ARM
		{680F4734-7F88-4B9F-A337-3BFD20C60B7E}.AppStore|ARM.Build.0 = Release|ARM
		{680F4734-7F88-4B9F-A337-3BFD20C60B7E}.AppStore|ARM.Deploy.0 = Release|ARM
		{680F4734-7F88-4B9F-A337-3BFD20C60B7E}.AppStore|iPhone.ActiveCfg = Release|x86
		{680F4734-7F88-4B9F-A337-3BFD20C60B7E}.AppStore|iPhone.Build.0 = Release|x86
		{680F4734-7F88-4B9F-A337-3BFD20C60B7E}.AppStore|iPhone.Deploy.0 = Release|x86
		{680F4734-7F88-4B9F-A337-3BFD20C60B7E}.AppStore|iPhoneSimulator.ActiveCfg = Release|x86
		{680F4734-7F88-4B9F-A337-3BFD20C60B7E}.AppStore|iPhoneSimulator.Build.0 = Release|x86
		{680F4734-7F88-4B9F-A337-3BFD20C60B7E}.AppStore|iPhoneSimulator.Deploy.0 = Release|x86
		{680F4734-7F88-4B9F-A337-3BFD20C60B7E}.AppStore|x64.ActiveCfg = Release|x64
		{680F4734-7F88-4B9F-A337-3BFD20C60B7E}.AppStore|x64.Build.0 = Release|x64
		{680F4734-7F88-4B9F-A337-3BFD20C60B7E}.AppStore|x64.Deploy.0 = Release|x64
		{680F4734-7F88-4B9F-A337-3BFD20C60B7E}.AppStore|x86.ActiveCfg = Release|x86
		{680F4734-7F88-4B9F-A337-3BFD20C60B7E}.AppStore|x86.Build.0 = Release|x86
		{680F4734-7F88-4B9F-A337-3BFD20C60B7E}.AppStore|x86.Deploy.0 = Release|x86
		{680F4734-7F88-4B9F-A337-3BFD20C60B7E}.Debug|Any CPU.ActiveCfg = Debug|x86
		{680F4734-7F88-4B9F-A337-3BFD20C60B7E}.Debug|ARM.ActiveCfg = Debug|ARM
		{680F4734-7F88-4B9F-A337-3BFD20C60B7E}.Debug|ARM.Build.0 = Debug|ARM
		{680F4734-7F88-4B9F-A337-3BFD20C60B7E}.Debug|ARM.Deploy.0 = Debug|ARM
		{680F4734-7F88-4B9F-A337-3BFD20C60B7E}.Debug|iPhone.ActiveCfg = Debug|x86
		{680F4734-7F88-4B9F-A337-3BFD20C60B7E}.Debug|iPhoneSimulator.ActiveCfg = Debug|x86
		{680F4734-7F88-4B9F-A337-3BFD20C60B7E}.Debug|x64.ActiveCfg = Debug|x64
		{680F4734-7F88-4B9F-A337-3BFD20C60B7E}.Debug|x64.Build.0 = Debug|x64
		{680F4734-7F88-4B9F-A337-3BFD20C60B7E}.Debug|x64.Deploy.0 = Debug|x64
		{680F4734-7F88-4B9F-A337-3BFD20C60B7E}.Debug|x86.ActiveCfg = Debug|x86
		{680F4734-7F88-4B9F-A337-3BFD20C60B7E}.Debug|x86.Build.0 = Debug|x86
		{680F4734-7F88-4B9F-A337-3BFD20C60B7E}.Debug|x86.Deploy.0 = Debug|x86
		{680F4734-7F88-4B9F-A337-3BFD20C60B7E}.Release|Any CPU.ActiveCfg = Release|x86
		{680F4734-7F88-4B9F-A337-3BFD20C60B7E}.Release|ARM.ActiveCfg = Release|ARM
		{680F4734-7F88-4B9F-A337-3BFD20C60B7E}.Release|ARM.Build.0 = Release|ARM
		{680F4734-7F88-4B9F-A337-3BFD20C60B7E}.Release|ARM.Deploy.0 = Release|ARM
		{680F4734-7F88-4B9F-A337-3BFD20C60B7E}.Release|iPhone.ActiveCfg = Release|x86
		{680F4734-7F88-4B9F-A337-3BFD20C60B7E}.Release|iPhoneSimulator.ActiveCfg = Release|x86
		{680F4734-7F88-4B9F-A337-3BFD20C60B7E}.Release|x64.ActiveCfg = Release|x64
		{680F4734-7F88-4B9F-A337-3BFD20C60B7E}.Release|x64.Build.0 = Release|x64
		{680F4734-7F88-4B9F-A337-3BFD20C60B7E}.Release|x64.Deploy.0 = Release|x64
		{680F4734-7F88-4B9F-A337-3BFD20C60B7E}.Release|x86.ActiveCfg = Release|x86
		{680F4734-7F88-4B9F-A337-3BFD20C60B7E}.Release|x86.Build.0 = Release|x86
		{680F4734-7F88-4B9F-A337-3BFD20C60B7E}.Release|x86.Deploy.0 = Release|x86
		{FB20F2EE-B8BB-4232-8337-A0B7416A60C6}.Ad-Hoc|Any CPU.ActiveCfg = Ad-Hoc|iPhone
		{FB20F2EE-B8BB-4232-8337-A0B7416A60C6}.Ad-Hoc|ARM.ActiveCfg = Ad-Hoc|iPhone
		{FB20F2EE-B8BB-4232-8337-A0B7416A60C6}.Ad-Hoc|iPhone.ActiveCfg = Ad-Hoc|iPhone
		{FB20F2EE-B8BB-4232-8337-A0B7416A60C6}.Ad-Hoc|iPhone.Build.0 = Ad-Hoc|iPhone
		{FB20F2EE-B8BB-4232-8337-A0B7416A60C6}.Ad-Hoc|iPhoneSimulator.ActiveCfg = Ad-Hoc|iPhoneSimulator
		{FB20F2EE-B8BB-4232-8337-A0B7416A60C6}.Ad-Hoc|iPhoneSimulator.Build.0 = Ad-Hoc|iPhoneSimulator
		{FB20F2EE-B8BB-4232-8337-A0B7416A60C6}.Ad-Hoc|x64.ActiveCfg = Ad-Hoc|iPhone
		{FB20F2EE-B8BB-4232-8337-A0B7416A60C6}.Ad-Hoc|x86.ActiveCfg = Ad-Hoc|iPhone
		{FB20F2EE-B8BB-4232-8337-A0B7416A60C6}.AppStore|Any CPU.ActiveCfg = AppStore|iPhone
		{FB20F2EE-B8BB-4232-8337-A0B7416A60C6}.AppStore|ARM.ActiveCfg = AppStore|iPhone
		{FB20F2EE-B8BB-4232-8337-A0B7416A60C6}.AppStore|iPhone.ActiveCfg = AppStore|iPhone
		{FB20F2EE-B8BB-4232-8337-A0B7416A60C6}.AppStore|iPhone.Build.0 = AppStore|iPhone
		{FB20F2EE-B8BB-4232-8337-A0B7416A60C6}.AppStore|iPhoneSimulator.ActiveCfg = AppStore|iPhoneSimulator
		{FB20F2EE-B8BB-4232-8337-A0B7416A60C6}.AppStore|iPhoneSimulator.Build.0 = AppStore|iPhoneSimulator
		{FB20F2EE-B8BB-4232-8337-A0B7416A60C6}.AppStore|x64.ActiveCfg = AppStore|iPhone
		{FB20F2EE-B8BB-4232-8337-A0B7416A60C6}.AppStore|x86.ActiveCfg = AppStore|iPhone
		{FB20F2EE-B8BB-4232-8337-A0B7416A60C6}.Debug|Any CPU.ActiveCfg = Debug|iPhone
		{FB20F2EE-B8BB-4232-8337-A0B7416A60C6}.Debug|ARM.ActiveCfg = Debug|iPhone
		{FB20F2EE-B8BB-4232-8337-A0B7416A60C6}.Debug|iPhone.ActiveCfg = Debug|iPhone
		{FB20F2EE-B8BB-4232-8337-A0B7416A60C6}.Debug|iPhone.Build.0 = Debug|iPhone
		{FB20F2EE-B8BB-4232-8337-A0B7416A60C6}.Debug|iPhoneSimulator.ActiveCfg = Debug|iPhoneSimulator
		{FB20F2EE-B8BB-4232-8337-A0B7416A60C6}.Debug|iPhoneSimulator.Build.0 = Debug|iPhoneSimulator
		{FB20F2EE-B8BB-4232-8337-A0B7416A60C6}.Debug|x64.ActiveCfg = Debug|iPhone
		{FB20F2EE-B8BB-4232-8337-A0B7416A60C6}.Debug|x86.ActiveCfg = Debug|iPhone
		{FB20F2EE-B8BB-4232-8337-A0B7416A60C6}.Release|Any CPU.ActiveCfg = Release|iPhone
		{FB20F2EE-B8BB-4232-8337-A0B7416A60C6}.Release|ARM.ActiveCfg = Release|iPhone
		{FB20F2EE-B8BB-4232-8337-A0B7416A60C6}.Release|iPhone.ActiveCfg = Release|iPhone
		{FB20F2EE-B8BB-4232-8337-A0B7416A60C6}.Release|iPhone.Build.0 = Release|iPhone
		{FB20F2EE-B8BB-4232-8337-A0B7416A60C6}.Release|iPhoneSimulator.ActiveCfg = Release|iPhoneSimulator
		{FB20F2EE-B8BB-4232-8337-A0B7416A60C6}.Release|iPhoneSimulator.Build.0 = Release|iPhoneSimulator
		{FB20F2EE-B8BB-4232-8337-A0B7416A60C6}.Release|x64.ActiveCfg = Release|iPhone
		{FB20F2EE-B8BB-4232-8337-A0B7416A60C6}.Release|x86.ActiveCfg = Release|iPhone
	EndGlobalSection
	GlobalSection(SolutionProperties) = preSolution
		HideSolutionNode = FALSE
	EndGlobalSection
	GlobalSection(ExtensibilityGlobals) = postSolution
		SolutionGuid = {12F03647-968C-4251-81F4-378FD549811B}
	EndGlobalSection
EndGlobal
